<?xml version="1.0" encoding="utf-8"?>
<Project ToolsVersion="4.0" xmlns="http://schemas.microsoft.com/developer/msbuild/2003">
  <ItemGroup>
    <Filter Include="Source Files">
      <UniqueIdentifier>{2edf53a5-369d-40be-a729-2f67026baf12}</UniqueIdentifier>
      <Extensions>cpp;c;cxx;rc;def;r;odl;hpj;bat;for;f90</Extensions>
    </Filter>
    <Filter Include="Header Files">
      <UniqueIdentifier>{cae15e12-ede0-443a-bab2-d2eebaf34c5b}</UniqueIdentifier>
      <Extensions>h;hpp;hxx;hm;inl;fi;fd</Extensions>
    </Filter>
    <Filter Include="Resource Files">
      <UniqueIdentifier>{4f438efe-4500-420d-adc5-45c03dec6e1d}</UniqueIdentifier>
      <Extensions>ico;cur;bmp;dlg;rc2;rct;bin;cnt;rtf;gif;jpg;jpeg;jpe</Extensions>
    </Filter>
  </ItemGroup>
  <ItemGroup>
    <ClCompile Include="macro_compiler\PARSER.C">
      <Filter>Source Files</Filter>
    </ClCompile>
    <ClCompile Include="macro_compiler\SCANNER.C">
      <Filter>Source Files</Filter>
    </ClCompile>
    <ClCompile Include="StringUtil.c">
      <Filter>Source Files</Filter>
    </ClCompile>
    <ClCompile Include="ProgressMonitor.c">
      <Filter>Source Files</Filter>
    </ClCompile>
    <ClCompile Include="AlignText.c">
      <Filter>Source Files</Filter>
    </ClCompile>
    <ClCompile Include="ProgramArguments.c">
      <Filter>Source Files</Filter>
    </ClCompile>
    <ClCompile Include="AsciiHexToLong.c">
      <Filter>Source Files</Filter>
    </ClCompile>
    <ClCompile Include="ColumnBlocks.c">
      <Filter>Source Files</Filter>
    </ClCompile>
    <ClCompile Include="Selection.c">
      <Filter>Source Files</Filter>
    </ClCompile>
    <ClCompile Include="BracketMatching.c">
      <Filter>Source Files</Filter>
    </ClCompile>
    <ClCompile Include="Clipboard.c">
      <Filter>Source Files</Filter>
    </ClCompile>
    <ClCompile Include="Compare.c">
      <Filter>Source Files</Filter>
    </ClCompile>
    <ClCompile Include="macro_compiler\MacroCodeGenerator.c">
      <Filter>Source Files</Filter>
    </ClCompile>
    <ClCompile Include="Encryption.c">
      <Filter>Source Files</Filter>
    </ClCompile>
    <ClCompile Include="CaretMovement.c">
      <Filter>Source Files</Filter>
    </ClCompile>
    <ClCompile Include="CustomControls.c">
      <Filter>Source Files</Filter>
    </ClCompile>
    <ClCompile Include="CutAndPaste.c">
      <Filter>Source Files</Filter>
    </ClCompile>
    <ClCompile Include="Logging.c">
      <Filter>Source Files</Filter>
    </ClCompile>
    <ClCompile Include="CompareFiles.c">
      <Filter>Source Files</Filter>
    </ClCompile>
    <ClCompile Include="EditOperations.c">
      <Filter>Source Files</Filter>
    </ClCompile>
    <ClCompile Include="ErrorDialogs.c">
      <Filter>Source Files</Filter>
    </ClCompile>
    <ClCompile Include="EditorWindow.c">
      <Filter>Source Files</Filter>
    </ClCompile>
    <ClCompile Include="ExecuteProgram.c">
      <Filter>Source Files</Filter>
    </ClCompile>
    <ClCompile Include="FileBufferIO.c">
      <Filter>Source Files</Filter>
    </ClCompile>
    <ClCompile Include="FileUtil.c">
      <Filter>Source Files</Filter>
    </ClCompile>
    <ClCompile Include="FindAndReplace.c">
      <Filter>Source Files</Filter>
    </ClCompile>
    <ClCompile Include="FunctionKeyWidget.c">
      <Filter>Source Files</Filter>
    </ClCompile>
    <ClCompile Include="WindowGeometryUtil.c">
      <Filter>Source Files</Filter>
    </ClCompile>
    <ClCompile Include="FileSelector.c">
      <Filter>Source Files</Filter>
    </ClCompile>
    <ClCompile Include="ThemesAndStyles.c">
      <Filter>Source Files</Filter>
    </ClCompile>
    <ClCompile Include="FormatLines.c">
      <Filter>Source Files</Filter>
    </ClCompile>
    <ClCompile Include="WalkFileTree.c">
      <Filter>Source Files</Filter>
    </ClCompile>
    <ClCompile Include="FunctionTable.c">
      <Filter>Source Files</Filter>
    </ClCompile>
    <ClCompile Include="macro_compiler\MacroParser.c">
      <Filter>Source Files</Filter>
    </ClCompile>
    <ClCompile Include="MarkFilePositions.c">
      <Filter>Source Files</Filter>
    </ClCompile>
    <ClCompile Include="DisplayHelp.c">
      <Filter>Source Files</Filter>
    </ClCompile>
    <ClCompile Include="Session.c">
      <Filter>Source Files</Filter>
    </ClCompile>
    <ClCompile Include="Initialize.c">
      <Filter>Source Files</Filter>
    </ClCompile>
    <ClCompile Include="Templates.c">
      <Filter>Source Files</Filter>
    </ClCompile>
    <ClCompile Include="ActionBindings.c">
      <Filter>Source Files</Filter>
    </ClCompile>
    <ClCompile Include="macro_compiler\JumpLabels.c">
      <Filter>Source Files</Filter>
    </ClCompile>
    <ClCompile Include="DocumentModel.c">
      <Filter>Source Files</Filter>
    </ClCompile>
    <ClCompile Include="LinkedList.c">
      <Filter>Source Files</Filter>
    </ClCompile>
    <ClCompile Include="HandleMacros.c">
      <Filter>Source Files</Filter>
    </ClCompile>
    <ClCompile Include="MacroManagement.c">
      <Filter>Source Files</Filter>
    </ClCompile>
    <ClCompile Include="main.c">
      <Filter>Source Files</Filter>
    </ClCompile>
    <ClCompile Include="macro_compiler\MacroCompiler.c">
      <Filter>Source Files</Filter>
    </ClCompile>
    <ClCompile Include="FilePattern.c">
      <Filter>Source Files</Filter>
    </ClCompile>
    <ClCompile Include="MarkPositions.c">
      <Filter>Source Files</Filter>
    </ClCompile>
    <ClCompile Include="Menus.c">
      <Filter>Source Files</Filter>
    </ClCompile>
    <ClCompile Include="MouseUtil.c">
      <Filter>Source Files</Filter>
    </ClCompile>
    <ClCompile Include="SprintfUtil.c">
      <Filter>Source Files</Filter>
    </ClCompile>
    <ClCompile Include="OpenFiles.c">
      <Filter>Source Files</Filter>
    </ClCompile>
    <ClCompile Include="Settings.c">
      <Filter>Source Files</Filter>
    </ClCompile>
    <ClCompile Include="Win32Util.c">
      <Filter>Source Files</Filter>
    </ClCompile>
    <ClCompile Include="PrintFiles.c">
      <Filter>Source Files</Filter>
    </ClCompile>
    <ClCompile Include="macro_compiler\PrintBindings.c">
      <Filter>Source Files</Filter>
    </ClCompile>
    <ClCompile Include="macro_compiler\MacroDecompiler.c">
      <Filter>Source Files</Filter>
    </ClCompile>
    <ClCompile Include="SettingsIO.c">
      <Filter>Source Files</Filter>
    </ClCompile>
    <ClCompile Include="EditorConfiguration.c">
      <Filter>Source Files</Filter>
    </ClCompile>
    <ClCompile Include="PaintEditorWindow.c">
      <Filter>Source Files</Filter>
    </ClCompile>
    <ClCompile Include="ResourceFileIO.c">
      <Filter>Source Files</Filter>
    </ClCompile>
    <ClCompile Include="ScanFiles.c">
      <Filter>Source Files</Filter>
    </ClCompile>
    <ClCompile Include="DocumentTypes.c">
      <Filter>Source Files</Filter>
    </ClCompile>
    <ClCompile Include="MacroInterpreter.c">
      <Filter>Source Files</Filter>
    </ClCompile>
    <ClCompile Include="ScrollbarUtil.c">
      <Filter>Source Files</Filter>
    </ClCompile>
    <ClCompile Include="SortText.c">
      <Filter>Source Files</Filter>
    </ClCompile>
    <ClCompile Include="SoundUtil.c">
      <Filter>Source Files</Filter>
    </ClCompile>
    <ClCompile Include="StatusLine.c">
      <Filter>Source Files</Filter>
    </ClCompile>
    <ClCompile Include="StringTokenizer.c">
      <Filter>Source Files</Filter>
    </ClCompile>
    <ClCompile Include="macro_compiler\Symbols.c">
      <Filter>Source Files</Filter>
    </ClCompile>
    <ClCompile Include="CrossReferenceLinks.c">
      <Filter>Source Files</Filter>
    </ClCompile>
    <ClCompile Include="macro_compiler\MacroExpressions.c">
      <Filter>Source Files</Filter>
    </ClCompile>
    <ClCompile Include="ToolbarWindow.c">
      <Filter>Source Files</Filter>
    </ClCompile>
    <ClCompile Include="TranslateCharacterClasses.c">
      <Filter>Source Files</Filter>
    </ClCompile>
    <ClCompile Include="UndoManager.c">
      <Filter>Source Files</Filter>
    </ClCompile>
    <ClCompile Include="PublicMacroFunctions.c">
      <Filter>Source Files</Filter>
    </ClCompile>
    <ClCompile Include="EditorWindowMain.c">
      <Filter>Source Files</Filter>
    </ClCompile>
    <ClCompile Include="EditorDialogUtil.c">
      <Filter>Source Files</Filter>
    </ClCompile>
    <ClCompile Include="EditorDocumentModel.c">
      <Filter>Source Files</Filter>
    </ClCompile>
    <ClCompile Include="ArrayList.c">
      <Filter>Source Files</Filter>
    </ClCompile>
    <ClCompile Include="Actions.c">
      <Filter>Source Files</Filter>
    </ClCompile>
    <ClCompile Include="JsonParser.c">
      <Filter>Source Files</Filter>
    </ClCompile>
    <ClCompile Include="Grammar.c">
      <Filter>Source Files</Filter>
    </ClCompile>
    <ClCompile Include="RegularExpression.c">
      <Filter>Source Files</Filter>
    </ClCompile>
    <ClCompile Include="SyntaxHighlighting.c">
      <Filter>Source Files</Filter>
    </ClCompile>
    <ClCompile Include="HashMap.c">
      <Filter>Source Files</Filter>
    </ClCompile>
    <ClCompile Include="CodeCompletion.c">
      <Filter>Source Files</Filter>
    </ClCompile>
    <ClCompile Include="WindowSelector.c">
      <Filter>Source Files</Filter>
    </ClCompile>
    <ClCompile Include="CodeAnalyzer.c">
      <Filter>Source Files</Filter>
    </ClCompile>
    <ClCompile Include="MainFrame.c">
      <Filter>Source Files</Filter>
    </ClCompile>
    <ClCompile Include="Levensthein.c">
      <Filter>Source Files</Filter>
    </ClCompile>
    <ClCompile Include="UAHMenubar.c">
      <Filter>Source Files</Filter>
    </ClCompile>
    <ClCompile Include="Darkmode.c">
      <Filter>Source Files</Filter>
    </ClCompile>
    <ClCompile Include="HexRenderer.c">
      <Filter>Source Files</Filter>
    </ClCompile>
    <ClCompile Include="Evaluator.c">
      <Filter>Source Files</Filter>
    </ClCompile>
    <ClCompile Include="MarkdownRenderer.c">
      <Filter>Source Files</Filter>
    </ClCompile>
    <ClCompile Include="DpiSupport.c">
      <Filter>Source Files</Filter>
    </ClCompile>
    <ClCompile Include="FontAwesome.c">
      <Filter>Source Files</Filter>
    </ClCompile>
    <ClCompile Include="MacroRecorder.c">
      <Filter>Source Files</Filter>
    </ClCompile>
    <ClCompile Include="MacroFunctions.c">
      <Filter>Source Files</Filter>
    </ClCompile>
    <ClCompile Include="MacroMemory.c">
      <Filter>Source Files</Filter>
    </ClCompile>
    <ClCompile Include="MacroDebugger.c">
      <Filter>Source Files</Filter>
    </ClCompile>
    <ClCompile Include="macro_compiler\MacroTypes.c">
      <Filter>Source Files</Filter>
    </ClCompile>
  </ItemGroup>
  <ItemGroup>
    <ClInclude Include="rc\dial2.h">
      <Filter>Source Files</Filter>
    </ClInclude>
    <ClInclude Include="rc\fsel.h">
      <Filter>Source Files</Filter>
    </ClInclude>
    <ClInclude Include="include\brackets.h">
      <Filter>Header Files</Filter>
    </ClInclude>
    <ClInclude Include="include\context.h">
      <Filter>Header Files</Filter>
    </ClInclude>
    <ClInclude Include="include\encryption.h">
      <Filter>Header Files</Filter>
    </ClInclude>
    <ClInclude Include="include\edctype.h">
      <Filter>Header Files</Filter>
    </ClInclude>
    <ClInclude Include="include\edexec.h">
      <Filter>Header Files</Filter>
    </ClInclude>
    <ClInclude Include="include\pksmacro.h">
      <Filter>Header Files</Filter>
    </ClInclude>
    <ClInclude Include="include\history.h">
      <Filter>Header Files</Filter>
    </ClInclude>
    <ClInclude Include="include\edierror.h">
      <Filter>Header Files</Filter>
    </ClInclude>
    <ClInclude Include="include\documentmodel.h">
      <Filter>Header Files</Filter>
    </ClInclude>
    <ClInclude Include="include\edtypes.h">
      <Filter>Header Files</Filter>
    </ClInclude>
    <ClInclude Include="include\ftw.h">
      <Filter>Header Files</Filter>
    </ClInclude>
    <ClInclude Include="include\iccall.h">
      <Filter>Header Files</Filter>
    </ClInclude>
    <ClInclude Include="include\pathname.h">
      <Filter>Header Files</Filter>
    </ClInclude>
    <ClInclude Include="include\pksmacrocvm.h">
      <Filter>Header Files</Filter>
    </ClInclude>
    <ClInclude Include="include\pksmod.h">
      <Filter>Header Files</Filter>
    </ClInclude>
    <ClInclude Include="include\printing.h">
      <Filter>Header Files</Filter>
    </ClInclude>
    <ClInclude Include="include\regexp.h">
      <Filter>Header Files</Filter>
    </ClInclude>
    <ClInclude Include="include\resource.h">
      <Filter>Header Files</Filter>
    </ClInclude>
    <ClInclude Include="macro_compiler\scanner.h">
      <Filter>Header Files</Filter>
    </ClInclude>
    <ClInclude Include="include\symbols.h">
      <Filter>Header Files</Filter>
    </ClInclude>
    <ClInclude Include="include\test.h">
      <Filter>Header Files</Filter>
    </ClInclude>
    <ClInclude Include="include\tos.h">
      <Filter>Header Files</Filter>
    </ClInclude>
    <ClInclude Include="include\trace.h">
      <Filter>Header Files</Filter>
    </ClInclude>
    <ClInclude Include="include\winfo.h">
      <Filter>Header Files</Filter>
    </ClInclude>
    <ClInclude Include="include\winterf.h">
      <Filter>Header Files</Filter>
    </ClInclude>
    <ClInclude Include="include\xdialog.h">
      <Filter>Header Files</Filter>
    </ClInclude>
    <ClInclude Include="rc\pksrc.h">
      <Filter>Header Files</Filter>
    </ClInclude>
    <ClInclude Include="include\publicapi.h">
      <Filter>Header Files</Filter>
    </ClInclude>
    <ClInclude Include="include\editorfont.h">
      <Filter>Header Files</Filter>
    </ClInclude>
    <ClInclude Include="include\errordialogs.h">
      <Filter>Header Files</Filter>
    </ClInclude>
    <ClInclude Include="include\stringutil.h">
      <Filter>Header Files</Filter>
    </ClInclude>
    <ClInclude Include="include\editorconfiguration.h">
      <Filter>Header Files</Filter>
    </ClInclude>
    <ClInclude Include="include\caretmovement.h">
      <Filter>Header Files</Filter>
    </ClInclude>
    <ClInclude Include="include\alloc.h">
      <Filter>Header Files</Filter>
    </ClInclude>
    <ClInclude Include="include\documenttypes.h">
      <Filter>Header Files</Filter>
    </ClInclude>
    <ClInclude Include="include\findandreplace.h">
      <Filter>Header Files</Filter>
    </ClInclude>
    <ClInclude Include="include\fileutil.h">
      <Filter>Header Files</Filter>
    </ClInclude>
    <ClInclude Include="include\textblocks.h">
      <Filter>Header Files</Filter>
    </ClInclude>
    <ClInclude Include="include\clipboard.h">
      <Filter>Header Files</Filter>
    </ClInclude>
    <ClInclude Include="include\fileselector.h">
      <Filter>Header Files</Filter>
    </ClInclude>
    <ClInclude Include="include\customcontrols.h">
      <Filter>Header Files</Filter>
    </ClInclude>
    <ClInclude Include="include\mouseutil.h">
      <Filter>Header Files</Filter>
    </ClInclude>
    <ClInclude Include="include\winutil.h">
      <Filter>Header Files</Filter>
    </ClInclude>
    <ClInclude Include="include\crossreferencelinks.h">
      <Filter>Header Files</Filter>
    </ClInclude>
    <ClInclude Include="include\markpositions.h">
      <Filter>Header Files</Filter>
    </ClInclude>
    <ClInclude Include="include\propertychange.h">
      <Filter>Header Files</Filter>
    </ClInclude>
    <ClInclude Include="include\arraylist.h">
      <Filter>Header Files</Filter>
    </ClInclude>
    <ClInclude Include="include\themes.h">
      <Filter>Header Files</Filter>
    </ClInclude>
    <ClInclude Include="include\actions.h">
      <Filter>Header Files</Filter>
    </ClInclude>
    <ClInclude Include="include\jsmn.h">
      <Filter>Header Files</Filter>
    </ClInclude>
    <ClInclude Include="include\jsonparser.h">
      <Filter>Header Files</Filter>
    </ClInclude>
    <ClInclude Include="include\grammar.h">
      <Filter>Header Files</Filter>
    </ClInclude>
    <ClInclude Include="include\linkedlist.h">
      <Filter>Header Files</Filter>
    </ClInclude>
    <ClInclude Include="include\syntaxhighlighting.h">
      <Filter>Header Files</Filter>
    </ClInclude>
    <ClInclude Include="include\hashmap.h">
      <Filter>Header Files</Filter>
    </ClInclude>
    <ClInclude Include="include\codecompletion.h">
      <Filter>Header Files</Filter>
    </ClInclude>
    <ClInclude Include="include\windowselector.h">
      <Filter>Header Files</Filter>
    </ClInclude>
    <ClInclude Include="include\codeanalyzer.h">
      <Filter>Header Files</Filter>
    </ClInclude>
    <ClInclude Include="include\editoperations.h">
      <Filter>Header Files</Filter>
    </ClInclude>
    <ClInclude Include="include\mainframe.h">
      <Filter>Header Files</Filter>
    </ClInclude>
    <ClInclude Include="include\levensthein.h">
      <Filter>Header Files</Filter>
    </ClInclude>
    <ClInclude Include="include\comparefiles.h">
      <Filter>Header Files</Filter>
    </ClInclude>
    <ClInclude Include="include\uahmenubar.h">
      <Filter>Header Files</Filter>
    </ClInclude>
    <ClInclude Include="include\darkmode.h">
      <Filter>Header Files</Filter>
    </ClInclude>
    <ClInclude Include="include\evaluator.h">
      <Filter>Header Files</Filter>
    </ClInclude>
    <ClInclude Include="include\fontawesome.h">
      <Filter>Header Files</Filter>
    </ClInclude>
    <ClInclude Include="include\dpisupport.h">
      <Filter>Header Files</Filter>
    </ClInclude>
    <ClInclude Include="include\formatting.h">
      <Filter>Header Files</Filter>
    </ClInclude>
    <ClInclude Include="include\menu.h">
      <Filter>Header Files</Filter>
    </ClInclude>
    <ClInclude Include="include\actionbindings.h">
      <Filter>Header Files</Filter>
    </ClInclude>
    <ClInclude Include="include\funcdef.h">
      <Filter>Header Files</Filter>
    </ClInclude>
    <ClInclude Include="macro_compiler\parser.h">
      <Filter>Header Files</Filter>
    </ClInclude>
  </ItemGroup>
  <ItemGroup>
    <None Include="PKSEDIT.DEF">
      <Filter>Source Files</Filter>
    </None>
    <None Include="rc\CLIP.ICO">
      <Filter>Resource Files</Filter>
    </None>
    <None Include="rc\CLIPEMPT.ICO">
      <Filter>Resource Files</Filter>
    </None>
    <None Include="rc\COPY.CUR">
      <Filter>Resource Files</Filter>
    </None>
    <None Include="rc\EDIT.ICO">
      <Filter>Resource Files</Filter>
    </None>
    <None Include="rc\EXEC.ICO">
      <Filter>Resource Files</Filter>
    </None>
    <None Include="rc\FILE.ICO">
      <Filter>Resource Files</Filter>
    </None>
    <None Include="rc\FOLDER.ICO">
      <Filter>Resource Files</Filter>
    </None>
    <None Include="rc\HELP.ICO">
      <Filter>Resource Files</Filter>
    </None>
    <None Include="rc\MACRO.ICO">
      <Filter>Resource Files</Filter>
    </None>
    <None Include="rc\MOVE.CUR">
      <Filter>Resource Files</Filter>
    </None>
    <None Include="rc\PKS.ICO">
      <Filter>Resource Files</Filter>
    </None>
    <None Include="rc\PKS2.ICO">
      <Filter>Resource Files</Filter>
    </None>
    <None Include="rc\PRINT.ICO">
      <Filter>Resource Files</Filter>
    </None>
    <None Include="rc\TRASH.ICO">
      <Filter>Resource Files</Filter>
    </None>
    <None Include="rc\UNDO.ICO">
      <Filter>Resource Files</Filter>
    </None>
    <None Include="RC\CURSOR1.CUR">
      <Filter>Resource Files</Filter>
    </None>
    <None Include="rc\link.cur">
      <Filter>Resource Files</Filter>
    </None>
    <None Include="rc\mini move.cur">
      <Filter>Resource Files</Filter>
    </None>
    <None Include="RC\MANIFEST.BIN">
      <Filter>Resource Files</Filter>
    </None>
    <None Include="doc\manual\toc.md" />
    <None Include="doc\manual\getting_started.md" />
    <None Include="doc\manual\saving_files.md" />
    <None Include="doc\manual\editing_files.md" />
    <None Include="doc\manual\find_replace.md" />
    <None Include="doc\manual\macro_language.md" />
    <None Include="doc\manual\configuration.md" />
    <None Include="doc\manual\grammar.md" />
    <None Include="doc\manual\document_types.md" />
    <None Include="doc\release_notes.md" />
    <None Include="doc\document_types.md" />
    <None Include="doc\markdown.md" />
    <None Include="packages.config" />
    <None Include="doc\manual\commandline.md" />
    <None Include="RC\IDS_FONT.BIN">
      <Filter>Resource Files</Filter>
    </None>
    <None Include="doc\manual\pksedit_ui.md" />
    <None Include="doc\manual\printing.md" />
    <None Include="doc\manual\pksprintf.md" />
    <None Include="README.md" />
    <None Include="macro_compiler\PARSER.Y" />
    <None Include="macro_compiler\SCANNER.L" />
  </ItemGroup>
  <ItemGroup>
    <ResourceCompile Include="pksedit.rc">
      <Filter>Source Files</Filter>
    </ResourceCompile>
  </ItemGroup>
  <ItemGroup>
    <Image Include="rc\clip2.ico">
      <Filter>Resource Files</Filter>
    </Image>
    <Image Include="rc\next.ico">
      <Filter>Resource Files</Filter>
    </Image>
    <Image Include="rc\previous.ico">
      <Filter>Resource Files</Filter>
    </Image>
    <Image Include="RC\ICON2.ICO">
      <Filter>Resource Files</Filter>
    </Image>
    <Image Include="rc\bookmark.ico">
      <Filter>Resource Files</Filter>
    </Image>
    <Image Include="rc\crossreference.ico">
      <Filter>Resource Files</Filter>
    </Image>
    <Image Include="rc\template.ico">
      <Filter>Resource Files</Filter>
    </Image>
    <Image Include="RC\ICON3.ICO">
      <Filter>Resource Files</Filter>
    </Image>
    <Image Include="rc\arrow_down.ico">
      <Filter>Resource Files</Filter>
    </Image>
    <Image Include="rc\arrow_up.ico">
      <Filter>Resource Files</Filter>
    </Image>
    <Image Include="RC\BITMAP1.BMP">
      <Filter>Resource Files</Filter>
    </Image>
    <Image Include="rc\new_icons.bmp">
      <Filter>Resource Files</Filter>
    </Image>
    <Image Include="doc\balloons.jpg">
      <Filter>Resource Files</Filter>
    </Image>
    <Image Include="doc\bird.gif">
      <Filter>Resource Files</Filter>
    </Image>
    <Image Include="doc\cat.bmp">
      <Filter>Resource Files</Filter>
    </Image>
    <Image Include="doc\dice.png" />
    <Image Include="doc\manual\pksedit-ui.png" />
  </ItemGroup>
  <ItemGroup>
    <Xsd Include="pksedit.xsd" />
  </ItemGroup>
  <ItemGroup>
    <Font Include="rc\Font Awesome 5 Free-Solid-900.ttf" />
    <Font Include="rc\Font Awesome 5 Free-Regular-400.otf" />
    <Font Include="rc\Font Awesome 5 Free-Regular-400.ttf" />
  </ItemGroup>
  <ItemGroup>
    <Manifest Include="pksedit.exe.manifest" />
  </ItemGroup>
</Project>