
Microsoft Visual Studio Solution File, Format Version 12.00
# Visual Studio Version 16
VisualStudioVersion = 16.0.31229.75
MinimumVisualStudioVersion = 10.0.40219.1
Project("{8BC9CEB8-8B4A-11D0-8D11-00A0C91BC942}") = "PKSEDIT", "PKSEDIT.vcxproj", "{AA19957C-5CE3-459A-ACFC-B5CFE2C03B97}"
EndProject
Global
	GlobalSection(SolutionConfigurationPlatforms) = preSolution
		Debug|x86 = Debug|x86
		Release|x86 = Release|x86
	EndGlobalSection
	GlobalSection(ProjectConfigurationPlatforms) = postSolution
		{AA19957C-5CE3-459A-ACFC-B5CFE2C03B97}.Debug|x86.ActiveCfg = Debug|Win32
		{AA19957C-5CE3-459A-ACFC-B5CFE2C03B97}.Debug|x86.Build.0 = Debug|Win32
		{AA19957C-5CE3-459A-ACFC-B5CFE2C03B97}.Release|x86.ActiveCfg = Release|Win32
		{AA19957C-5CE3-459A-ACFC-B5CFE2C03B97}.Release|x86.Build.0 = Release|Win32
	EndGlobalSection
	GlobalSection(SolutionProperties) = preSolution
		HideSolutionNode = FALSE
	EndGlobalSection
	GlobalSection(ExtensibilityGlobals) = postSolution
		SolutionGuid = {E62D9842-1A20-4147-BF9A-E520804475F5}
	EndGlobalSection
EndGlobal
