
Microsoft Visual Studio Solution File, Format Version 12.00
# Visual Studio Version 16
VisualStudioVersion = 16.0.31229.75
MinimumVisualStudioVersion = 10.0.40219.1
Project("{8BC9CEB8-8B4A-11D0-8D11-00A0C91BC942}") = "pksedit", "pksedit.vcxproj", "{AA19957C-5CE3-459A-ACFC-B5CFE2C03B97}"
	ProjectSection(ProjectDependencies) = postProject
		{1F593C4E-5C06-4535-8692-0A433EDB1701} = {1F593C4E-5C06-4535-8692-0A433EDB1701}
	EndProjectSection
EndProject
Project("{8BC9CEB8-8B4A-11D0-8D11-00A0C91BC942}") = "macro_compiler", "macro_compiler\macro_compiler.vcxproj", "{1F593C4E-5C06-4535-8692-0A433EDB1701}"
EndProject
Project("{8BC9CEB8-8B4A-11D0-8D11-00A0C91BC942}") = "test", "test\test.vcxproj", "{83935882-9637-43CB-A3ED-461E62BEB4B9}"
EndProject
Project("{8BC9CEB8-8B4A-11D0-8D11-00A0C91BC942}") = "pksedit.en", "pksedit.en\pksedit.en.vcxproj", "{6628EACE-4A8F-4997-A5C4-B1C061DC3152}"
EndProject
Global
	GlobalSection(SolutionConfigurationPlatforms) = preSolution
		Debug|x64 = Debug|x64
		Release|x64 = Release|x64
	EndGlobalSection
	GlobalSection(ProjectConfigurationPlatforms) = postSolution
		{AA19957C-5CE3-459A-ACFC-B5CFE2C03B97}.Debug|x64.ActiveCfg = Debug|x64
		{AA19957C-5CE3-459A-ACFC-B5CFE2C03B97}.Debug|x64.Build.0 = Debug|x64
		{AA19957C-5CE3-459A-ACFC-B5CFE2C03B97}.Release|x64.ActiveCfg = Release|x64
		{AA19957C-5CE3-459A-ACFC-B5CFE2C03B97}.Release|x64.Build.0 = Release|x64
		{1F593C4E-5C06-4535-8692-0A433EDB1701}.Debug|x64.ActiveCfg = Debug|x64
		{1F593C4E-5C06-4535-8692-0A433EDB1701}.Debug|x64.Build.0 = Debug|x64
		{1F593C4E-5C06-4535-8692-0A433EDB1701}.Release|x64.ActiveCfg = Release|x64
		{1F593C4E-5C06-4535-8692-0A433EDB1701}.Release|x64.Build.0 = Release|x64
		{83935882-9637-43CB-A3ED-461E62BEB4B9}.Debug|x64.ActiveCfg = Debug|x64
		{83935882-9637-43CB-A3ED-461E62BEB4B9}.Debug|x64.Build.0 = Debug|x64
		{83935882-9637-43CB-A3ED-461E62BEB4B9}.Release|x64.ActiveCfg = Release|x64
		{83935882-9637-43CB-A3ED-461E62BEB4B9}.Release|x64.Build.0 = Release|x64
		{6628EACE-4A8F-4997-A5C4-B1C061DC3152}.Debug|x64.ActiveCfg = Debug|x64
		{6628EACE-4A8F-4997-A5C4-B1C061DC3152}.Debug|x64.Build.0 = Debug|x64
		{6628EACE-4A8F-4997-A5C4-B1C061DC3152}.Release|x64.ActiveCfg = Release|x64
		{6628EACE-4A8F-4997-A5C4-B1C061DC3152}.Release|x64.Build.0 = Release|x64
	EndGlobalSection
	GlobalSection(SolutionProperties) = preSolution
		HideSolutionNode = FALSE
	EndGlobalSection
	GlobalSection(ExtensibilityGlobals) = postSolution
		SolutionGuid = {E62D9842-1A20-4147-BF9A-E520804475F5}
	EndGlobalSection
EndGlobal
