
Microsoft Visual Studio Solution File, Format Version 12.00
# Visual Studio Version 17
VisualStudioVersion = 17.0.31912.275
MinimumVisualStudioVersion = 10.0.40219.1
Project("{8BC9CEB8-8B4A-11D0-8D11-00A0C91BC942}") = "pksedit", "pksedit.vcxproj", "{AA19957C-5CE3-459A-ACFC-B5CFE2C03B97}"
	ProjectSection(ProjectDependencies) = postProject
		{1F593C4E-5C06-4535-8692-0A433EDB1701} = {1F593C4E-5C06-4535-8692-0A433EDB1701}
	EndProjectSection
EndProject
Project("{8BC9CEB8-8B4A-11D0-8D11-00A0C91BC942}") = "macro_compiler", "macro_compiler\macro_compiler.vcxproj", "{1F593C4E-5C06-4535-8692-0A433EDB1701}"
EndProject
Project("{8BC9CEB8-8B4A-11D0-8D11-00A0C91BC942}") = "test", "test\test.vcxproj", "{83935882-9637-43CB-A3ED-461E62BEB4B9}"
EndProject
Project("{2150E333-8FDC-42A3-9474-1A3956D46DE8}") = "Solution Items", "Solution Items", "{2BD4A763-8095-4093-BA7F-16030E7A6AFF}"
	ProjectSection(SolutionItems) = preProject
		pksedit.manifest = pksedit.manifest
	EndProjectSection
EndProject
Project("{8BC9CEB8-8B4A-11D0-8D11-00A0C91BC942}") = "en-US", "en-US\pksedit-en.vcxproj", "{EA04DD5A-25E5-42D3-B1BB-1246BB3CB6F3}"
EndProject
Project("{8BC9CEB8-8B4A-11D0-8D11-00A0C91BC942}") = "pkslib", "pkslib\pkslib.vcxproj", "{9A3887DD-1F0A-4840-AB03-B01389386921}"
EndProject
Global
	GlobalSection(SolutionConfigurationPlatforms) = preSolution
		Debug|x64 = Debug|x64
		Debug|x86 = Debug|x86
		No Git|x64 = No Git|x64
		No Git|x86 = No Git|x86
		Release|x64 = Release|x64
		Release|x86 = Release|x86
		ReleaseGithub|x64 = ReleaseGithub|x64
		ReleaseGithub|x86 = ReleaseGithub|x86
	EndGlobalSection
	GlobalSection(ProjectConfigurationPlatforms) = postSolution
		{AA19957C-5CE3-459A-ACFC-B5CFE2C03B97}.Debug|x64.ActiveCfg = Debug|x64
		{AA19957C-5CE3-459A-ACFC-B5CFE2C03B97}.Debug|x64.Build.0 = Debug|x64
		{AA19957C-5CE3-459A-ACFC-B5CFE2C03B97}.Debug|x86.ActiveCfg = Debug|Win32
		{AA19957C-5CE3-459A-ACFC-B5CFE2C03B97}.Debug|x86.Build.0 = Debug|Win32
		{AA19957C-5CE3-459A-ACFC-B5CFE2C03B97}.No Git|x64.ActiveCfg = Debug|x64
		{AA19957C-5CE3-459A-ACFC-B5CFE2C03B97}.No Git|x64.Build.0 = Debug|x64
		{AA19957C-5CE3-459A-ACFC-B5CFE2C03B97}.No Git|x86.ActiveCfg = NO Git Release|Win32
		{AA19957C-5CE3-459A-ACFC-B5CFE2C03B97}.No Git|x86.Build.0 = NO Git Release|Win32
		{AA19957C-5CE3-459A-ACFC-B5CFE2C03B97}.Release|x64.ActiveCfg = Release|x64
		{AA19957C-5CE3-459A-ACFC-B5CFE2C03B97}.Release|x64.Build.0 = Release|x64
		{AA19957C-5CE3-459A-ACFC-B5CFE2C03B97}.Release|x86.ActiveCfg = Release|Win32
		{AA19957C-5CE3-459A-ACFC-B5CFE2C03B97}.Release|x86.Build.0 = Release|Win32
		{AA19957C-5CE3-459A-ACFC-B5CFE2C03B97}.ReleaseGithub|x64.ActiveCfg = NO Git Release|x64
		{AA19957C-5CE3-459A-ACFC-B5CFE2C03B97}.ReleaseGithub|x64.Build.0 = NO Git Release|x64
		{AA19957C-5CE3-459A-ACFC-B5CFE2C03B97}.ReleaseGithub|x86.ActiveCfg = Release|Win32
		{AA19957C-5CE3-459A-ACFC-B5CFE2C03B97}.ReleaseGithub|x86.Build.0 = Release|Win32
		{1F593C4E-5C06-4535-8692-0A433EDB1701}.Debug|x64.ActiveCfg = Debug|x64
		{1F593C4E-5C06-4535-8692-0A433EDB1701}.Debug|x64.Build.0 = Debug|x64
		{1F593C4E-5C06-4535-8692-0A433EDB1701}.Debug|x86.ActiveCfg = Debug|x64
		{1F593C4E-5C06-4535-8692-0A433EDB1701}.No Git|x64.ActiveCfg = Release|x64
		{1F593C4E-5C06-4535-8692-0A433EDB1701}.No Git|x64.Build.0 = Release|x64
		{1F593C4E-5C06-4535-8692-0A433EDB1701}.No Git|x86.ActiveCfg = Release|x64
		{1F593C4E-5C06-4535-8692-0A433EDB1701}.No Git|x86.Build.0 = Release|x64
		{1F593C4E-5C06-4535-8692-0A433EDB1701}.Release|x64.ActiveCfg = Release|x64
		{1F593C4E-5C06-4535-8692-0A433EDB1701}.Release|x64.Build.0 = Release|x64
		{1F593C4E-5C06-4535-8692-0A433EDB1701}.Release|x86.ActiveCfg = Release|x64
		{1F593C4E-5C06-4535-8692-0A433EDB1701}.ReleaseGithub|x64.ActiveCfg = ReleaseGithub|x64
		{1F593C4E-5C06-4535-8692-0A433EDB1701}.ReleaseGithub|x64.Build.0 = ReleaseGithub|x64
		{1F593C4E-5C06-4535-8692-0A433EDB1701}.ReleaseGithub|x86.ActiveCfg = ReleaseGithub|x64
		{1F593C4E-5C06-4535-8692-0A433EDB1701}.ReleaseGithub|x86.Build.0 = ReleaseGithub|x64
		{83935882-9637-43CB-A3ED-461E62BEB4B9}.Debug|x64.ActiveCfg = Debug|x64
		{83935882-9637-43CB-A3ED-461E62BEB4B9}.Debug|x64.Build.0 = Debug|x64
		{83935882-9637-43CB-A3ED-461E62BEB4B9}.Debug|x86.ActiveCfg = Debug|Win32
		{83935882-9637-43CB-A3ED-461E62BEB4B9}.Debug|x86.Build.0 = Debug|Win32
		{83935882-9637-43CB-A3ED-461E62BEB4B9}.No Git|x64.ActiveCfg = Release|x64
		{83935882-9637-43CB-A3ED-461E62BEB4B9}.No Git|x64.Build.0 = Release|x64
		{83935882-9637-43CB-A3ED-461E62BEB4B9}.No Git|x86.ActiveCfg = Release|Win32
		{83935882-9637-43CB-A3ED-461E62BEB4B9}.No Git|x86.Build.0 = Release|Win32
		{83935882-9637-43CB-A3ED-461E62BEB4B9}.Release|x64.ActiveCfg = Release|x64
		{83935882-9637-43CB-A3ED-461E62BEB4B9}.Release|x64.Build.0 = Release|x64
		{83935882-9637-43CB-A3ED-461E62BEB4B9}.Release|x86.ActiveCfg = Release|Win32
		{83935882-9637-43CB-A3ED-461E62BEB4B9}.Release|x86.Build.0 = Release|Win32
		{83935882-9637-43CB-A3ED-461E62BEB4B9}.ReleaseGithub|x64.ActiveCfg = Release|x64
		{83935882-9637-43CB-A3ED-461E62BEB4B9}.ReleaseGithub|x64.Build.0 = Release|x64
		{83935882-9637-43CB-A3ED-461E62BEB4B9}.ReleaseGithub|x86.ActiveCfg = Release|Win32
		{83935882-9637-43CB-A3ED-461E62BEB4B9}.ReleaseGithub|x86.Build.0 = Release|Win32
		{EA04DD5A-25E5-42D3-B1BB-1246BB3CB6F3}.Debug|x64.ActiveCfg = Debug|x64
		{EA04DD5A-25E5-42D3-B1BB-1246BB3CB6F3}.Debug|x64.Build.0 = Debug|x64
		{EA04DD5A-25E5-42D3-B1BB-1246BB3CB6F3}.Debug|x86.ActiveCfg = Debug|Win32
		{EA04DD5A-25E5-42D3-B1BB-1246BB3CB6F3}.Debug|x86.Build.0 = Debug|Win32
		{EA04DD5A-25E5-42D3-B1BB-1246BB3CB6F3}.No Git|x64.ActiveCfg = Release|x64
		{EA04DD5A-25E5-42D3-B1BB-1246BB3CB6F3}.No Git|x64.Build.0 = Release|x64
		{EA04DD5A-25E5-42D3-B1BB-1246BB3CB6F3}.No Git|x86.ActiveCfg = Release|Win32
		{EA04DD5A-25E5-42D3-B1BB-1246BB3CB6F3}.No Git|x86.Build.0 = Release|Win32
		{EA04DD5A-25E5-42D3-B1BB-1246BB3CB6F3}.Release|x64.ActiveCfg = Release|x64
		{EA04DD5A-25E5-42D3-B1BB-1246BB3CB6F3}.Release|x64.Build.0 = Release|x64
		{EA04DD5A-25E5-42D3-B1BB-1246BB3CB6F3}.Release|x86.ActiveCfg = Release|Win32
		{EA04DD5A-25E5-42D3-B1BB-1246BB3CB6F3}.Release|x86.Build.0 = Release|Win32
		{EA04DD5A-25E5-42D3-B1BB-1246BB3CB6F3}.ReleaseGithub|x64.ActiveCfg = Release|x64
		{EA04DD5A-25E5-42D3-B1BB-1246BB3CB6F3}.ReleaseGithub|x64.Build.0 = Release|x64
		{EA04DD5A-25E5-42D3-B1BB-1246BB3CB6F3}.ReleaseGithub|x86.ActiveCfg = Release|Win32
		{EA04DD5A-25E5-42D3-B1BB-1246BB3CB6F3}.ReleaseGithub|x86.Build.0 = Release|Win32
		{9A3887DD-1F0A-4840-AB03-B01389386921}.Debug|x64.ActiveCfg = Debug|x64
		{9A3887DD-1F0A-4840-AB03-B01389386921}.Debug|x64.Build.0 = Debug|x64
		{9A3887DD-1F0A-4840-AB03-B01389386921}.Debug|x86.ActiveCfg = Debug|Win32
		{9A3887DD-1F0A-4840-AB03-B01389386921}.Debug|x86.Build.0 = Debug|Win32
		{9A3887DD-1F0A-4840-AB03-B01389386921}.No Git|x64.ActiveCfg = Release|x64
		{9A3887DD-1F0A-4840-AB03-B01389386921}.No Git|x64.Build.0 = Release|x64
		{9A3887DD-1F0A-4840-AB03-B01389386921}.No Git|x86.ActiveCfg = Release|Win32
		{9A3887DD-1F0A-4840-AB03-B01389386921}.No Git|x86.Build.0 = Release|Win32
		{9A3887DD-1F0A-4840-AB03-B01389386921}.Release|x64.ActiveCfg = Release|x64
		{9A3887DD-1F0A-4840-AB03-B01389386921}.Release|x64.Build.0 = Release|x64
		{9A3887DD-1F0A-4840-AB03-B01389386921}.Release|x86.ActiveCfg = Release|Win32
		{9A3887DD-1F0A-4840-AB03-B01389386921}.Release|x86.Build.0 = Release|Win32
		{9A3887DD-1F0A-4840-AB03-B01389386921}.ReleaseGithub|x64.ActiveCfg = Release|x64
		{9A3887DD-1F0A-4840-AB03-B01389386921}.ReleaseGithub|x64.Build.0 = Release|x64
		{9A3887DD-1F0A-4840-AB03-B01389386921}.ReleaseGithub|x86.ActiveCfg = Release|Win32
		{9A3887DD-1F0A-4840-AB03-B01389386921}.ReleaseGithub|x86.Build.0 = Release|Win32
	EndGlobalSection
	GlobalSection(SolutionProperties) = preSolution
		HideSolutionNode = FALSE
	EndGlobalSection
	GlobalSection(ExtensibilityGlobals) = postSolution
		SolutionGuid = {E62D9842-1A20-4147-BF9A-E520804475F5}
	EndGlobalSection
EndGlobal
